
Microsoft Visual Studio Solution File, Format Version 12.00
# Visual Studio 2015
Project("{FAE04EC0-301F-11D3-BF4B-00C04F79EFBC}") = "JAR.CSharp.Plugins", "JAR.CSharp.Plugins.csproj", "{C245837C-B52D-5FB4-9E4F-961A648FB2B9}"
EndProject
Project("{FAE04EC0-301F-11D3-BF4B-00C04F79EFBC}") = "JAR.CSharp", "JAR.CSharp.csproj", "{2C604FE3-FAC7-7992-C658-0C32B1F3D643}"
EndProject
Project("{FAE04EC0-301F-11D3-BF4B-00C04F79EFBC}") = "JAR.CSharp.Editor.Plugins", "JAR.CSharp.Editor.Plugins.csproj", "{529A430C-C88B-6EA0-2997-55415CBA939E}"
EndProject
Global
	GlobalSection(SolutionConfigurationPlatforms) = preSolution
		Debug|Any CPU = Debug|Any CPU
		Release|Any CPU = Release|Any CPU
	EndGlobalSection
	GlobalSection(ProjectConfigurationPlatforms) = postSolution
		{C245837C-B52D-5FB4-9E4F-961A648FB2B9}.Debug|Any CPU.ActiveCfg = Debug|Any CPU
		{C245837C-B52D-5FB4-9E4F-961A648FB2B9}.Debug|Any CPU.Build.0 = Debug|Any CPU
		{C245837C-B52D-5FB4-9E4F-961A648FB2B9}.Release|Any CPU.ActiveCfg = Release|Any CPU
		{C245837C-B52D-5FB4-9E4F-961A648FB2B9}.Release|Any CPU.Build.0 = Release|Any CPU
		{2C604FE3-FAC7-7992-C658-0C32B1F3D643}.Debug|Any CPU.ActiveCfg = Debug|Any CPU
		{2C604FE3-FAC7-7992-C658-0C32B1F3D643}.Debug|Any CPU.Build.0 = Debug|Any CPU
		{2C604FE3-FAC7-7992-C658-0C32B1F3D643}.Release|Any CPU.ActiveCfg = Release|Any CPU
		{2C604FE3-FAC7-7992-C658-0C32B1F3D643}.Release|Any CPU.Build.0 = Release|Any CPU
		{529A430C-C88B-6EA0-2997-55415CBA939E}.Debug|Any CPU.ActiveCfg = Debug|Any CPU
		{529A430C-C88B-6EA0-2997-55415CBA939E}.Debug|Any CPU.Build.0 = Debug|Any CPU
		{529A430C-C88B-6EA0-2997-55415CBA939E}.Release|Any CPU.ActiveCfg = Release|Any CPU
		{529A430C-C88B-6EA0-2997-55415CBA939E}.Release|Any CPU.Build.0 = Release|Any CPU
	EndGlobalSection
	GlobalSection(SolutionProperties) = preSolution
		HideSolutionNode = FALSE
	EndGlobalSection
EndGlobal
